
Microsoft Visual Studio Solution File, Format Version 12.00
# Visual Studio Version 17
VisualStudioVersion = 17.10.35027.167
MinimumVisualStudioVersion = 10.0.40219.1
Project("{FAE04EC0-301F-11D3-BF4B-00C04F79EFBC}") = "IfElse", "IfElse\IfElse.csproj", "{5B1B8F56-EE86-46F1-8AA9-F447953CDE31}"
EndProject
Global
	GlobalSection(SolutionConfigurationPlatforms) = preSolution
		Debug|Any CPU = Debug|Any CPU
		Release|Any CPU = Release|Any CPU
	EndGlobalSection
	GlobalSection(ProjectConfigurationPlatforms) = postSolution
		{5B1B8F56-EE86-46F1-8AA9-F447953CDE31}.Debug|Any CPU.ActiveCfg = Debug|Any CPU
		{5B1B8F56-EE86-46F1-8AA9-F447953CDE31}.Debug|Any CPU.Build.0 = Debug|Any CPU
		{5B1B8F56-EE86-46F1-8AA9-F447953CDE31}.Release|Any CPU.ActiveCfg = Release|Any CPU
		{5B1B8F56-EE86-46F1-8AA9-F447953CDE31}.Release|Any CPU.Build.0 = Release|Any CPU
	EndGlobalSection
	GlobalSection(SolutionProperties) = preSolution
		HideSolutionNode = FALSE
	EndGlobalSection
	GlobalSection(ExtensibilityGlobals) = postSolution
		SolutionGuid = {17BA8C24-47A1-409F-A027-7B5C3C02971D}
	EndGlobalSection
EndGlobal
